
Microsoft Visual Studio Solution File, Format Version 12.00
# Visual Studio Version 17
VisualStudioVersion = 17.2.32616.157
MinimumVisualStudioVersion = 10.0.40219.1
Project("{9A19103F-16F7-4668-BE54-9A1E7A4F7556}") = "ScrollTest", "ScrollTest\ScrollTest.csproj", "{6B30B73C-A4D4-47FE-AA0D-3BD83D97246B}"
EndProject
Global
	GlobalSection(SolutionConfigurationPlatforms) = preSolution
		Debug|Any CPU = Debug|Any CPU
		Release|Any CPU = Release|Any CPU
	EndGlobalSection
	GlobalSection(ProjectConfigurationPlatforms) = postSolution
		{6B30B73C-A4D4-47FE-AA0D-3BD83D97246B}.Debug|Any CPU.ActiveCfg = Debug|Any CPU
		{6B30B73C-A4D4-47FE-AA0D-3BD83D97246B}.Debug|Any CPU.Build.0 = Debug|Any CPU
		{6B30B73C-A4D4-47FE-AA0D-3BD83D97246B}.Release|Any CPU.ActiveCfg = Release|Any CPU
		{6B30B73C-A4D4-47FE-AA0D-3BD83D97246B}.Release|Any CPU.Build.0 = Release|Any CPU
	EndGlobalSection
	GlobalSection(SolutionProperties) = preSolution
		HideSolutionNode = FALSE
	EndGlobalSection
	GlobalSection(ExtensibilityGlobals) = postSolution
		SolutionGuid = {DB9E1956-0C2E-432C-840F-9080436F2F9E}
	EndGlobalSection
EndGlobal
